// !$*UTF8*$!
{
	archiveVersion = 1;
	classes = {
	};
	objectVersion = 56;
	objects = {

/* Begin PBXBuildFile section */
		CF2AE9812D330039001A5CFD /* SightsenseApp.swift in Sources */ = {isa = PBXBuildFile; fileRef = CF2AE9802D330039001A5CFD /* SightsenseApp.swift */; };
		CF2AE9832D330039001A5CFD /* ContentView.swift in Sources */ = {isa = PBXBuildFile; fileRef = CF2AE9822D330039001A5CFD /* ContentView.swift */; };
		CF2AE9852D33003A001A5CFD /* Assets.xcassets in Resources */ = {isa = PBXBuildFile; fileRef = CF2AE9842D33003A001A5CFD /* Assets.xcassets */; };
		CF2AE9882D33003A001A5CFD /* Preview Assets.xcassets in Resources */ = {isa = PBXBuildFile; fileRef = CF2AE9872D33003A001A5CFD /* Preview Assets.xcassets */; };
		CF2AE98F2D330172001A5CFD /* CameraManager.swift in Sources */ = {isa = PBXBuildFile; fileRef = CF2AE98E2D330172001A5CFD /* CameraManager.swift */; };
		CF2AE9912D3338D2001A5CFD /* SpeechRecognizer.swift in Sources */ = {isa = PBXBuildFile; fileRef = CF2AE9902D3338D2001A5CFD /* SpeechRecognizer.swift */; };
		CF2AE9932D3357CD001A5CFD /* LoadingView.swift in Sources */ = {isa = PBXBuildFile; fileRef = CF2AE9922D3357CD001A5CFD /* LoadingView.swift */; };
		CF2AE9952D3357E6001A5CFD /* WelcomeView.swift in Sources */ = {isa = PBXBuildFile; fileRef = CF2AE9942D3357E6001A5CFD /* WelcomeView.swift */; };
		CF2AE9972D3357FA001A5CFD /* PermissionsView.swift in Sources */ = {isa = PBXBuildFile; fileRef = CF2AE9962D3357FA001A5CFD /* PermissionsView.swift */; };
		CF2AE9992D335817001A5CFD /* TutorialView.swift in Sources */ = {isa = PBXBuildFile; fileRef = CF2AE9982D335817001A5CFD /* TutorialView.swift */; };
		CF2AE99B2D33583C001A5CFD /* HomeView.swift in Sources */ = {isa = PBXBuildFile; fileRef = CF2AE99A2D33583C001A5CFD /* HomeView.swift */; };
/* End PBXBuildFile section */

/* Begin PBXFileReference section */
		CF2AE97D2D330039001A5CFD /* Sightsense.app */ = {isa = PBXFileReference; explicitFileType = wrapper.application; includeInIndex = 0; path = Sightsense.app; sourceTree = BUILT_PRODUCTS_DIR; };
		CF2AE9802D330039001A5CFD /* SightsenseApp.swift */ = {isa = PBXFileReference; lastKnownFileType = sourcecode.swift; path = SightsenseApp.swift; sourceTree = "<group>"; };
		CF2AE9822D330039001A5CFD /* ContentView.swift */ = {isa = PBXFileReference; lastKnownFileType = sourcecode.swift; path = ContentView.swift; sourceTree = "<group>"; };
		CF2AE9842D33003A001A5CFD /* Assets.xcassets */ = {isa = PBXFileReference; lastKnownFileType = folder.assetcatalog; path = Assets.xcassets; sourceTree = "<group>"; };
		CF2AE9872D33003A001A5CFD /* Preview Assets.xcassets */ = {isa = PBXFileReference; lastKnownFileType = folder.assetcatalog; path = "Preview Assets.xcassets"; sourceTree = "<group>"; };
		CF2AE98E2D330172001A5CFD /* CameraManager.swift */ = {isa = PBXFileReference; lastKnownFileType = sourcecode.swift; path = CameraManager.swift; sourceTree = "<group>"; };
		CF2AE9902D3338D2001A5CFD /* SpeechRecognizer.swift */ = {isa = PBXFileReference; lastKnownFileType = sourcecode.swift; path = SpeechRecognizer.swift; sourceTree = "<group>"; };
		CF2AE9922D3357CD001A5CFD /* LoadingView.swift */ = {isa = PBXFileReference; lastKnownFileType = sourcecode.swift; path = LoadingView.swift; sourceTree = "<group>"; };
		CF2AE9942D3357E6001A5CFD /* WelcomeView.swift */ = {isa = PBXFileReference; lastKnownFileType = sourcecode.swift; path = WelcomeView.swift; sourceTree = "<group>"; };
		CF2AE9962D3357FA001A5CFD /* PermissionsView.swift */ = {isa = PBXFileReference; lastKnownFileType = sourcecode.swift; path = PermissionsView.swift; sourceTree = "<group>"; };
		CF2AE9982D335817001A5CFD /* TutorialView.swift */ = {isa = PBXFileReference; lastKnownFileType = sourcecode.swift; path = TutorialView.swift; sourceTree = "<group>"; };
		CF2AE99A2D33583C001A5CFD /* HomeView.swift */ = {isa = PBXFileReference; lastKnownFileType = sourcecode.swift; path = HomeView.swift; sourceTree = "<group>"; };
		CF522C4C2D3400BB0081CBC6 /* Info.plist */ = {isa = PBXFileReference; lastKnownFileType = text.plist; path = Info.plist; sourceTree = "<group>"; };
/* End PBXFileReference section */

/* Begin PBXFrameworksBuildPhase section */
		CF2AE97A2D330039001A5CFD /* Frameworks */ = {
			isa = PBXFrameworksBuildPhase;
			buildActionMask = 2147483647;
			files = (
			);
			runOnlyForDeploymentPostprocessing = 0;
		};
/* End PBXFrameworksBuildPhase section */

/* Begin PBXGroup section */
		CF2AE9742D330039001A5CFD = {
			isa = PBXGroup;
			children = (
				CF2AE97F2D330039001A5CFD /* Sightsense */,
				CF2AE97E2D330039001A5CFD /* Products */,
			);
			sourceTree = "<group>";
		};
		CF2AE97E2D330039001A5CFD /* Products */ = {
			isa = PBXGroup;
			children = (
				CF2AE97D2D330039001A5CFD /* Sightsense.app */,
			);
			name = Products;
			sourceTree = "<group>";
		};
		CF2AE97F2D330039001A5CFD /* Sightsense */ = {
			isa = PBXGroup;
			children = (
				CF522C4C2D3400BB0081CBC6 /* Info.plist */,
				CF2AE99A2D33583C001A5CFD /* HomeView.swift */,
				CF2AE9982D335817001A5CFD /* TutorialView.swift */,
				CF2AE9962D3357FA001A5CFD /* PermissionsView.swift */,
				CF2AE9942D3357E6001A5CFD /* WelcomeView.swift */,
				CF2AE9922D3357CD001A5CFD /* LoadingView.swift */,
				CF2AE9902D3338D2001A5CFD /* SpeechRecognizer.swift */,
				CF2AE98E2D330172001A5CFD /* CameraManager.swift */,
				CF2AE9802D330039001A5CFD /* SightsenseApp.swift */,
				CF2AE9822D330039001A5CFD /* ContentView.swift */,
				CF2AE9842D33003A001A5CFD /* Assets.xcassets */,
				CF2AE9862D33003A001A5CFD /* Preview Content */,
			);
			path = Sightsense;
			sourceTree = "<group>";
		};
		CF2AE9862D33003A001A5CFD /* Preview Content */ = {
			isa = PBXGroup;
			children = (
				CF2AE9872D33003A001A5CFD /* Preview Assets.xcassets */,
			);
			path = "Preview Content";
			sourceTree = "<group>";
		};
/* End PBXGroup section */

/* Begin PBXNativeTarget section */
		CF2AE97C2D330039001A5CFD /* Sightsense */ = {
			isa = PBXNativeTarget;
			buildConfigurationList = CF2AE98B2D33003A001A5CFD /* Build configuration list for PBXNativeTarget "Sightsense" */;
			buildPhases = (
				CF2AE9792D330039001A5CFD /* Sources */,
				CF2AE97A2D330039001A5CFD /* Frameworks */,
				CF2AE97B2D330039001A5CFD /* Resources */,
			);
			buildRules = (
			);
			dependencies = (
			);
			name = Sightsense;
			productName = Sightsense;
			productReference = CF2AE97D2D330039001A5CFD /* Sightsense.app */;
			productType = "com.apple.product-type.application";
		};
/* End PBXNativeTarget section */

/* Begin PBXProject section */
		CF2AE9752D330039001A5CFD /* Project object */ = {
			isa = PBXProject;
			attributes = {
				BuildIndependentTargetsInParallel = 1;
				LastSwiftUpdateCheck = 1540;
				LastUpgradeCheck = 1540;
				TargetAttributes = {
					CF2AE97C2D330039001A5CFD = {
						CreatedOnToolsVersion = 15.4;
					};
				};
			};
			buildConfigurationList = CF2AE9782D330039001A5CFD /* Build configuration list for PBXProject "Sightsense" */;
			compatibilityVersion = "Xcode 14.0";
			developmentRegion = en;
			hasScannedForEncodings = 0;
			knownRegions = (
				en,
				Base,
			);
			mainGroup = CF2AE9742D330039001A5CFD;
			productRefGroup = CF2AE97E2D330039001A5CFD /* Products */;
			projectDirPath = "";
			projectRoot = "";
			targets = (
				CF2AE97C2D330039001A5CFD /* Sightsense */,
			);
		};
/* End PBXProject section */

/* Begin PBXResourcesBuildPhase section */
		CF2AE97B2D330039001A5CFD /* Resources */ = {
			isa = PBXResourcesBuildPhase;
			buildActionMask = 2147483647;
			files = (
				CF2AE9882D33003A001A5CFD /* Preview Assets.xcassets in Resources */,
				CF2AE9852D33003A001A5CFD /* Assets.xcassets in Resources */,
			);
			runOnlyForDeploymentPostprocessing = 0;
		};
/* End PBXResourcesBuildPhase section */

/* Begin PBXSourcesBuildPhase section */
		CF2AE9792D330039001A5CFD /* Sources */ = {
			isa = PBXSourcesBuildPhase;
			buildActionMask = 2147483647;
			files = (
				CF2AE99B2D33583C001A5CFD /* HomeView.swift in Sources */,
				CF2AE9832D330039001A5CFD /* ContentView.swift in Sources */,
				CF2AE9952D3357E6001A5CFD /* WelcomeView.swift in Sources */,
				CF2AE9912D3338D2001A5CFD /* SpeechRecognizer.swift in Sources */,
				CF2AE98F2D330172001A5CFD /* CameraManager.swift in Sources */,
				CF2AE9992D335817001A5CFD /* TutorialView.swift in Sources */,
				CF2AE9932D3357CD001A5CFD /* LoadingView.swift in Sources */,
				CF2AE9972D3357FA001A5CFD /* PermissionsView.swift in Sources */,
				CF2AE9812D330039001A5CFD /* SightsenseApp.swift in Sources */,
			);
			runOnlyForDeploymentPostprocessing = 0;
		};
/* End PBXSourcesBuildPhase section */

/* Begin XCBuildConfiguration section */
		CF2AE9892D33003A001A5CFD /* Debug */ = {
			isa = XCBuildConfiguration;
			buildSettings = {
				ALWAYS_SEARCH_USER_PATHS = NO;
				ASSETCATALOG_COMPILER_GENERATE_SWIFT_ASSET_SYMBOL_EXTENSIONS = YES;
				CLANG_ANALYZER_NONNULL = YES;
				CLANG_ANALYZER_NUMBER_OBJECT_CONVERSION = YES_AGGRESSIVE;
				CLANG_CXX_LANGUAGE_STANDARD = "gnu++20";
				CLANG_ENABLE_MODULES = YES;
				CLANG_ENABLE_OBJC_ARC = YES;
				CLANG_ENABLE_OBJC_WEAK = YES;
				CLANG_WARN_BLOCK_CAPTURE_AUTORELEASING = YES;
				CLANG_WARN_BOOL_CONVERSION = YES;
				CLANG_WARN_COMMA = YES;
				CLANG_WARN_CONSTANT_CONVERSION = YES;
				CLANG_WARN_DEPRECATED_OBJC_IMPLEMENTATIONS = YES;
				CLANG_WARN_DIRECT_OBJC_ISA_USAGE = YES_ERROR;
				CLANG_WARN_DOCUMENTATION_COMMENTS = YES;
				CLANG_WARN_EMPTY_BODY = YES;
				CLANG_WARN_ENUM_CONVERSION = YES;
				CLANG_WARN_INFINITE_RECURSION = YES;
				CLANG_WARN_INT_CONVERSION = YES;
				CLANG_WARN_NON_LITERAL_NULL_CONVERSION = YES;
				CLANG_WARN_OBJC_IMPLICIT_RETAIN_SELF = YES;
				CLANG_WARN_OBJC_LITERAL_CONVERSION = YES;
				CLANG_WARN_OBJC_ROOT_CLASS = YES_ERROR;
				CLANG_WARN_QUOTED_INCLUDE_IN_FRAMEWORK_HEADER = YES;
				CLANG_WARN_RANGE_LOOP_ANALYSIS = YES;
				CLANG_WARN_STRICT_PROTOTYPES = YES;
				CLANG_WARN_SUSPICIOUS_MOVE = YES;
				CLANG_WARN_UNGUARDED_AVAILABILITY = YES_AGGRESSIVE;
				CLANG_WARN_UNREACHABLE_CODE = YES;
				CLANG_WARN__DUPLICATE_METHOD_MATCH = YES;
				COPY_PHASE_STRIP = NO;
				DEBUG_INFORMATION_FORMAT = dwarf;
				ENABLE_STRICT_OBJC_MSGSEND = YES;
				ENABLE_TESTABILITY = YES;
				ENABLE_USER_SCRIPT_SANDBOXING = YES;
				GCC_C_LANGUAGE_STANDARD = gnu17;
				GCC_DYNAMIC_NO_PIC = NO;
				GCC_NO_COMMON_BLOCKS = YES;
				GCC_OPTIMIZATION_LEVEL = 0;
				GCC_PREPROCESSOR_DEFINITIONS = (
					"DEBUG=1",
					"$(inherited)",
				);
				GCC_WARN_64_TO_32_BIT_CONVERSION = YES;
				GCC_WARN_ABOUT_RETURN_TYPE = YES_ERROR;
				GCC_WARN_UNDECLARED_SELECTOR = YES;
				GCC_WARN_UNINITIALIZED_AUTOS = YES_AGGRESSIVE;
				GCC_WARN_UNUSED_FUNCTION = YES;
				GCC_WARN_UNUSED_VARIABLE = YES;
				IPHONEOS_DEPLOYMENT_TARGET = 17.5;
				LOCALIZATION_PREFERS_STRING_CATALOGS = YES;
				MTL_ENABLE_DEBUG_INFO = INCLUDE_SOURCE;
				MTL_FAST_MATH = YES;
				ONLY_ACTIVE_ARCH = YES;
				SDKROOT = iphoneos;
				SWIFT_ACTIVE_COMPILATION_CONDITIONS = "DEBUG $(inherited)";
				SWIFT_OPTIMIZATION_LEVEL = "-Onone";
			};
			name = Debug;
		};
		CF2AE98A2D33003A001A5CFD /* Release */ = {
			isa = XCBuildConfiguration;
			buildSettings = {
				ALWAYS_SEARCH_USER_PATHS = NO;
				ASSETCATALOG_COMPILER_GENERATE_SWIFT_ASSET_SYMBOL_EXTENSIONS = YES;
				CLANG_ANALYZER_NONNULL = YES;
				CLANG_ANALYZER_NUMBER_OBJECT_CONVERSION = YES_AGGRESSIVE;
				CLANG_CXX_LANGUAGE_STANDARD = "gnu++20";
				CLANG_ENABLE_MODULES = YES;
				CLANG_ENABLE_OBJC_ARC = YES;
				CLANG_ENABLE_OBJC_WEAK = YES;
				CLANG_WARN_BLOCK_CAPTURE_AUTORELEASING = YES;
				CLANG_WARN_BOOL_CONVERSION = YES;
				CLANG_WARN_COMMA = YES;
				CLANG_WARN_CONSTANT_CONVERSION = YES;
				CLANG_WARN_DEPRECATED_OBJC_IMPLEMENTATIONS = YES;
				CLANG_WARN_DIRECT_OBJC_ISA_USAGE = YES_ERROR;
				CLANG_WARN_DOCUMENTATION_COMMENTS = YES;
				CLANG_WARN_EMPTY_BODY = YES;
				CLANG_WARN_ENUM_CONVERSION = YES;
				CLANG_WARN_INFINITE_RECURSION = YES;
				CLANG_WARN_INT_CONVERSION = YES;
				CLANG_WARN_NON_LITERAL_NULL_CONVERSION = YES;
				CLANG_WARN_OBJC_IMPLICIT_RETAIN_SELF = YES;
				CLANG_WARN_OBJC_LITERAL_CONVERSION = YES;
				CLANG_WARN_OBJC_ROOT_CLASS = YES_ERROR;
				CLANG_WARN_QUOTED_INCLUDE_IN_FRAMEWORK_HEADER = YES;
				CLANG_WARN_RANGE_LOOP_ANALYSIS = YES;
				CLANG_WARN_STRICT_PROTOTYPES = YES;
				CLANG_WARN_SUSPICIOUS_MOVE = YES;
				CLANG_WARN_UNGUARDED_AVAILABILITY = YES_AGGRESSIVE;
				CLANG_WARN_UNREACHABLE_CODE = YES;
				CLANG_WARN__DUPLICATE_METHOD_MATCH = YES;
				COPY_PHASE_STRIP = NO;
				DEBUG_INFORMATION_FORMAT = "dwarf-with-dsym";
				ENABLE_NS_ASSERTIONS = NO;
				ENABLE_STRICT_OBJC_MSGSEND = YES;
				ENABLE_USER_SCRIPT_SANDBOXING = YES;
				GCC_C_LANGUAGE_STANDARD = gnu17;
				GCC_NO_COMMON_BLOCKS = YES;
				GCC_WARN_64_TO_32_BIT_CONVERSION = YES;
				GCC_WARN_ABOUT_RETURN_TYPE = YES_ERROR;
				GCC_WARN_UNDECLARED_SELECTOR = YES;
				GCC_WARN_UNINITIALIZED_AUTOS = YES_AGGRESSIVE;
				GCC_WARN_UNUSED_FUNCTION = YES;
				GCC_WARN_UNUSED_VARIABLE = YES;
				IPHONEOS_DEPLOYMENT_TARGET = 17.5;
				LOCALIZATION_PREFERS_STRING_CATALOGS = YES;
				MTL_ENABLE_DEBUG_INFO = NO;
				MTL_FAST_MATH = YES;
				SDKROOT = iphoneos;
				SWIFT_COMPILATION_MODE = wholemodule;
				VALIDATE_PRODUCT = YES;
			};
			name = Release;
		};
		CF2AE98C2D33003A001A5CFD /* Debug */ = {
			isa = XCBuildConfiguration;
			buildSettings = {
				ASSETCATALOG_COMPILER_APPICON_NAME = AppIcon;
				ASSETCATALOG_COMPILER_GLOBAL_ACCENT_COLOR_NAME = AccentColor;
				CODE_SIGN_STYLE = Automatic;
				CURRENT_PROJECT_VERSION = 1;
				DEVELOPMENT_ASSET_PATHS = "\"Sightsense/Preview Content\"";
				DEVELOPMENT_TEAM = X9W59C2LB4;
				ENABLE_PREVIEWS = YES;
				GENERATE_INFOPLIST_FILE = YES;
				INFOPLIST_FILE = Sightsense/Info.plist;
				INFOPLIST_KEY_CFBundleDisplayName = "";
				INFOPLIST_KEY_LSApplicationCategoryType = "";
				INFOPLIST_KEY_NSCameraUsageDescription = "\"We need access to your camera for object tracking.\"";
				INFOPLIST_KEY_NSHumanReadableCopyright = "";
				INFOPLIST_KEY_NSLocalNetworkUsageDescription = "\"This app requires access to the local network to communicate with the server.\"";
				INFOPLIST_KEY_NSMicrophoneUsageDescription = "\"The microphone will be used for voice commands.\"";
				INFOPLIST_KEY_NSSpeechRecognitionUsageDescription = "\"Speech Recognition will be used to interpret your commands.\"";
				INFOPLIST_KEY_UIApplicationSceneManifest_Generation = YES;
				INFOPLIST_KEY_UILaunchScreen_Generation = YES;
				INFOPLIST_KEY_UISupportedInterfaceOrientations_iPad = "UIInterfaceOrientationPortrait UIInterfaceOrientationPortraitUpsideDown UIInterfaceOrientationLandscapeLeft UIInterfaceOrientationLandscapeRight";
				INFOPLIST_KEY_UISupportedInterfaceOrientations_iPhone = "UIInterfaceOrientationPortrait UIInterfaceOrientationLandscapeLeft UIInterfaceOrientationLandscapeRight";
				LD_RUNPATH_SEARCH_PATHS = (
					"$(inherited)",
					"@executable_path/Frameworks",
				);
				MARKETING_VERSION = 1.0;
				PRODUCT_BUNDLE_IDENTIFIER = Sightsense.Sightsense;
				PRODUCT_NAME = "$(TARGET_NAME)";
				SWIFT_EMIT_LOC_STRINGS = YES;
				SWIFT_VERSION = 5.0;
				TARGETED_DEVICE_FAMILY = "1,2";
			};
			name = Debug;
		};
		CF2AE98D2D33003A001A5CFD /* Release */ = {
			isa = XCBuildConfiguration;
			buildSettings = {
				ASSETCATALOG_COMPILER_APPICON_NAME = AppIcon;
				ASSETCATALOG_COMPILER_GLOBAL_ACCENT_COLOR_NAME = AccentColor;
				CODE_SIGN_STYLE = Automatic;
				CURRENT_PROJECT_VERSION = 1;
				DEVELOPMENT_ASSET_PATHS = "\"Sightsense/Preview Content\"";
				DEVELOPMENT_TEAM = X9W59C2LB4;
				ENABLE_PREVIEWS = YES;
				GENERATE_INFOPLIST_FILE = YES;
				INFOPLIST_FILE = Sightsense/Info.plist;
				INFOPLIST_KEY_CFBundleDisplayName = "";
				INFOPLIST_KEY_LSApplicationCategoryType = "";
				INFOPLIST_KEY_NSCameraUsageDescription = "\"We need access to your camera for object tracking.\"";
				INFOPLIST_KEY_NSHumanReadableCopyright = "";
				INFOPLIST_KEY_NSLocalNetworkUsageDescription = "\"This app requires access to the local network to communicate with the server.\"";
				INFOPLIST_KEY_NSMicrophoneUsageDescription = "\"The microphone will be used for voice commands.\"";
				INFOPLIST_KEY_NSSpeechRecognitionUsageDescription = "\"Speech Recognition will be used to interpret your commands.\"";
				INFOPLIST_KEY_UIApplicationSceneManifest_Generation = YES;
				INFOPLIST_KEY_UILaunchScreen_Generation = YES;
				INFOPLIST_KEY_UISupportedInterfaceOrientations_iPad = "UIInterfaceOrientationPortrait UIInterfaceOrientationPortraitUpsideDown UIInterfaceOrientationLandscapeLeft UIInterfaceOrientationLandscapeRight";
				INFOPLIST_KEY_UISupportedInterfaceOrientations_iPhone = "UIInterfaceOrientationPortrait UIInterfaceOrientationLandscapeLeft UIInterfaceOrientationLandscapeRight";
				LD_RUNPATH_SEARCH_PATHS = (
					"$(inherited)",
					"@executable_path/Frameworks",
				);
				MARKETING_VERSION = 1.0;
				PRODUCT_BUNDLE_IDENTIFIER = Sightsense.Sightsense;
				PRODUCT_NAME = "$(TARGET_NAME)";
				SWIFT_EMIT_LOC_STRINGS = YES;
				SWIFT_VERSION = 5.0;
				TARGETED_DEVICE_FAMILY = "1,2";
			};
			name = Release;
		};
/* End XCBuildConfiguration section */

/* Begin XCConfigurationList section */
		CF2AE9782D330039001A5CFD /* Build configuration list for PBXProject "Sightsense" */ = {
			isa = XCConfigurationList;
			buildConfigurations = (
				CF2AE9892D33003A001A5CFD /* Debug */,
				CF2AE98A2D33003A001A5CFD /* Release */,
			);
			defaultConfigurationIsVisible = 0;
			defaultConfigurationName = Release;
		};
		CF2AE98B2D33003A001A5CFD /* Build configuration list for PBXNativeTarget "Sightsense" */ = {
			isa = XCConfigurationList;
			buildConfigurations = (
				CF2AE98C2D33003A001A5CFD /* Debug */,
				CF2AE98D2D33003A001A5CFD /* Release */,
			);
			defaultConfigurationIsVisible = 0;
			defaultConfigurationName = Release;
		};
/* End XCConfigurationList section */
	};
	rootObject = CF2AE9752D330039001A5CFD /* Project object */;
}
